// !$*UTF8*$!
{
	archiveVersion = 1;
	classes = {
	};
	objectVersion = 46;
	objects = {

/* Begin PBXBuildFile section */
		2A5336381ADEF44A00187084 /* main.m in Sources */ = {isa = PBXBuildFile; fileRef = 2A5336371ADEF44A00187084 /* main.m */; };
		2A53363B1ADEF44A00187084 /* AppDelegate.m in Sources */ = {isa = PBXBuildFile; fileRef = 2A53363A1ADEF44A00187084 /* AppDelegate.m */; };
		2A53363E1ADEF44A00187084 /* ViewController.m in Sources */ = {isa = PBXBuildFile; fileRef = 2A53363D1ADEF44A00187084 /* ViewController.m */; };
		2A5336411ADEF44A00187084 /* Main.storyboard in Resources */ = {isa = PBXBuildFile; fileRef = 2A53363F1ADEF44A00187084 /* Main.storyboard */; };
		2A5336431ADEF44A00187084 /* Images.xcassets in Resources */ = {isa = PBXBuildFile; fileRef = 2A5336421ADEF44A00187084 /* Images.xcassets */; };
		2A5336461ADEF44A00187084 /* LaunchScreen.xib in Resources */ = {isa = PBXBuildFile; fileRef = 2A5336441ADEF44A00187084 /* LaunchScreen.xib */; };
		2A5336521ADEF44A00187084 /* BMDay8UINavigationAssignmentTests.m in Sources */ = {isa = PBXBuildFile; fileRef = 2A5336511ADEF44A00187084 /* BMDay8UINavigationAssignmentTests.m */; };
/* End PBXBuildFile section */

/* Begin PBXContainerItemProxy section */
		2A53364C1ADEF44A00187084 /* PBXContainerItemProxy */ = {
			isa = PBXContainerItemProxy;
			containerPortal = 2A53362A1ADEF44A00187084 /* Project object */;
			proxyType = 1;
			remoteGlobalIDString = 2A5336311ADEF44A00187084;
			remoteInfo = BMDay8UINavigationAssignment;
		};
/* End PBXContainerItemProxy section */

/* Begin PBXFileReference section */
		2A5336321ADEF44A00187084 /* BMDay8UINavigationAssignment.app */ = {isa = PBXFileReference; explicitFileType = wrapper.application; includeInIndex = 0; path = BMDay8UINavigationAssignment.app; sourceTree = BUILT_PRODUCTS_DIR; };
		2A5336361ADEF44A00187084 /* Info.plist */ = {isa = PBXFileReference; lastKnownFileType = text.plist.xml; path = Info.plist; sourceTree = "<group>"; };
		2A5336371ADEF44A00187084 /* main.m */ = {isa = PBXFileReference; lastKnownFileType = sourcecode.c.objc; path = main.m; sourceTree = "<group>"; };
		2A5336391ADEF44A00187084 /* AppDelegate.h */ = {isa = PBXFileReference; lastKnownFileType = sourcecode.c.h; path = AppDelegate.h; sourceTree = "<group>"; };
		2A53363A1ADEF44A00187084 /* AppDelegate.m */ = {isa = PBXFileReference; lastKnownFileType = sourcecode.c.objc; path = AppDelegate.m; sourceTree = "<group>"; };
		2A53363C1ADEF44A00187084 /* ViewController.h */ = {isa = PBXFileReference; lastKnownFileType = sourcecode.c.h; path = ViewController.h; sourceTree = "<group>"; };
		2A53363D1ADEF44A00187084 /* ViewController.m */ = {isa = PBXFileReference; lastKnownFileType = sourcecode.c.objc; path = ViewController.m; sourceTree = "<group>"; };
		2A5336401ADEF44A00187084 /* Base */ = {isa = PBXFileReference; lastKnownFileType = file.storyboard; name = Base; path = Base.lproj/Main.storyboard; sourceTree = "<group>"; };
		2A5336421ADEF44A00187084 /* Images.xcassets */ = {isa = PBXFileReference; lastKnownFileType = folder.assetcatalog; path = Images.xcassets; sourceTree = "<group>"; };
		2A5336451ADEF44A00187084 /* Base */ = {isa = PBXFileReference; lastKnownFileType = file.xib; name = Base; path = Base.lproj/LaunchScreen.xib; sourceTree = "<group>"; };
		2A53364B1ADEF44A00187084 /* BMDay8UINavigationAssignmentTests.xctest */ = {isa = PBXFileReference; explicitFileType = wrapper.cfbundle; includeInIndex = 0; path = BMDay8UINavigationAssignmentTests.xctest; sourceTree = BUILT_PRODUCTS_DIR; };
		2A5336501ADEF44A00187084 /* Info.plist */ = {isa = PBXFileReference; lastKnownFileType = text.plist.xml; path = Info.plist; sourceTree = "<group>"; };
		2A5336511ADEF44A00187084 /* BMDay8UINavigationAssignmentTests.m */ = {isa = PBXFileReference; lastKnownFileType = sourcecode.c.objc; path = BMDay8UINavigationAssignmentTests.m; sourceTree = "<group>"; };
/* End PBXFileReference section */

/* Begin PBXFrameworksBuildPhase section */
		2A53362F1ADEF44A00187084 /* Frameworks */ = {
			isa = PBXFrameworksBuildPhase;
			buildActionMask = 2147483647;
			files = (
			);
			runOnlyForDeploymentPostprocessing = 0;
		};
		2A5336481ADEF44A00187084 /* Frameworks */ = {
			isa = PBXFrameworksBuildPhase;
			buildActionMask = 2147483647;
			files = (
			);
			runOnlyForDeploymentPostprocessing = 0;
		};
/* End PBXFrameworksBuildPhase section */

/* Begin PBXGroup section */
		2A5336291ADEF44A00187084 = {
			isa = PBXGroup;
			children = (
				2A5336341ADEF44A00187084 /* BMDay8UINavigationAssignment */,
				2A53364E1ADEF44A00187084 /* BMDay8UINavigationAssignmentTests */,
				2A5336331ADEF44A00187084 /* Products */,
			);
			sourceTree = "<group>";
		};
		2A5336331ADEF44A00187084 /* Products */ = {
			isa = PBXGroup;
			children = (
				2A5336321ADEF44A00187084 /* BMDay8UINavigationAssignment.app */,
				2A53364B1ADEF44A00187084 /* BMDay8UINavigationAssignmentTests.xctest */,
			);
			name = Products;
			sourceTree = "<group>";
		};
		2A5336341ADEF44A00187084 /* BMDay8UINavigationAssignment */ = {
			isa = PBXGroup;
			children = (
				2A5336391ADEF44A00187084 /* AppDelegate.h */,
				2A53363A1ADEF44A00187084 /* AppDelegate.m */,
				2A53363C1ADEF44A00187084 /* ViewController.h */,
				2A53363D1ADEF44A00187084 /* ViewController.m */,
				2A53363F1ADEF44A00187084 /* Main.storyboard */,
				2A5336421ADEF44A00187084 /* Images.xcassets */,
				2A5336441ADEF44A00187084 /* LaunchScreen.xib */,
				2A5336351ADEF44A00187084 /* Supporting Files */,
			);
			path = BMDay8UINavigationAssignment;
			sourceTree = "<group>";
		};
		2A5336351ADEF44A00187084 /* Supporting Files */ = {
			isa = PBXGroup;
			children = (
				2A5336361ADEF44A00187084 /* Info.plist */,
				2A5336371ADEF44A00187084 /* main.m */,
			);
			name = "Supporting Files";
			sourceTree = "<group>";
		};
		2A53364E1ADEF44A00187084 /* BMDay8UINavigationAssignmentTests */ = {
			isa = PBXGroup;
			children = (
				2A5336511ADEF44A00187084 /* BMDay8UINavigationAssignmentTests.m */,
				2A53364F1ADEF44A00187084 /* Supporting Files */,
			);
			path = BMDay8UINavigationAssignmentTests;
			sourceTree = "<group>";
		};
		2A53364F1ADEF44A00187084 /* Supporting Files */ = {
			isa = PBXGroup;
			children = (
				2A5336501ADEF44A00187084 /* Info.plist */,
			);
			name = "Supporting Files";
			sourceTree = "<group>";
		};
/* End PBXGroup section */

/* Begin PBXNativeTarget section */
		2A5336311ADEF44A00187084 /* BMDay8UINavigationAssignment */ = {
			isa = PBXNativeTarget;
			buildConfigurationList = 2A5336551ADEF44A00187084 /* Build configuration list for PBXNativeTarget "BMDay8UINavigationAssignment" */;
			buildPhases = (
				2A53362E1ADEF44A00187084 /* Sources */,
				2A53362F1ADEF44A00187084 /* Frameworks */,
				2A5336301ADEF44A00187084 /* Resources */,
			);
			buildRules = (
			);
			dependencies = (
			);
			name = BMDay8UINavigationAssignment;
			productName = BMDay8UINavigationAssignment;
			productReference = 2A5336321ADEF44A00187084 /* BMDay8UINavigationAssignment.app */;
			productType = "com.apple.product-type.application";
		};
		2A53364A1ADEF44A00187084 /* BMDay8UINavigationAssignmentTests */ = {
			isa = PBXNativeTarget;
			buildConfigurationList = 2A5336581ADEF44A00187084 /* Build configuration list for PBXNativeTarget "BMDay8UINavigationAssignmentTests" */;
			buildPhases = (
				2A5336471ADEF44A00187084 /* Sources */,
				2A5336481ADEF44A00187084 /* Frameworks */,
				2A5336491ADEF44A00187084 /* Resources */,
			);
			buildRules = (
			);
			dependencies = (
				2A53364D1ADEF44A00187084 /* PBXTargetDependency */,
			);
			name = BMDay8UINavigationAssignmentTests;
			productName = BMDay8UINavigationAssignmentTests;
			productReference = 2A53364B1ADEF44A00187084 /* BMDay8UINavigationAssignmentTests.xctest */;
			productType = "com.apple.product-type.bundle.unit-test";
		};
/* End PBXNativeTarget section */

/* Begin PBXProject section */
		2A53362A1ADEF44A00187084 /* Project object */ = {
			isa = PBXProject;
			attributes = {
				LastUpgradeCheck = 0630;
				ORGANIZATIONNAME = ProjectDGW;
				TargetAttributes = {
					2A5336311ADEF44A00187084 = {
						CreatedOnToolsVersion = 6.3;
					};
					2A53364A1ADEF44A00187084 = {
						CreatedOnToolsVersion = 6.3;
						TestTargetID = 2A5336311ADEF44A00187084;
					};
				};
			};
			buildConfigurationList = 2A53362D1ADEF44A00187084 /* Build configuration list for PBXProject "BMDay8UINavigationAssignment" */;
			compatibilityVersion = "Xcode 3.2";
			developmentRegion = English;
			hasScannedForEncodings = 0;
			knownRegions = (
				en,
				Base,
			);
			mainGroup = 2A5336291ADEF44A00187084;
			productRefGroup = 2A5336331ADEF44A00187084 /* Products */;
			projectDirPath = "";
			projectRoot = "";
			targets = (
				2A5336311ADEF44A00187084 /* BMDay8UINavigationAssignment */,
				2A53364A1ADEF44A00187084 /* BMDay8UINavigationAssignmentTests */,
			);
		};
/* End PBXProject section */

/* Begin PBXResourcesBuildPhase section */
		2A5336301ADEF44A00187084 /* Resources */ = {
			isa = PBXResourcesBuildPhase;
			buildActionMask = 2147483647;
			files = (
				2A5336411ADEF44A00187084 /* Main.storyboard in Resources */,
				2A5336461ADEF44A00187084 /* LaunchScreen.xib in Resources */,
				2A5336431ADEF44A00187084 /* Images.xcassets in Resources */,
			);
			runOnlyForDeploymentPostprocessing = 0;
		};
		2A5336491ADEF44A00187084 /* Resources */ = {
			isa = PBXResourcesBuildPhase;
			buildActionMask = 2147483647;
			files = (
			);
			runOnlyForDeploymentPostprocessing = 0;
		};
/* End PBXResourcesBuildPhase section */

/* Begin PBXSourcesBuildPhase section */
		2A53362E1ADEF44A00187084 /* Sources */ = {
			isa = PBXSourcesBuildPhase;
			buildActionMask = 2147483647;
			files = (
				2A53363E1ADEF44A00187084 /* ViewController.m in Sources */,
				2A53363B1ADEF44A00187084 /* AppDelegate.m in Sources */,
				2A5336381ADEF44A00187084 /* main.m in Sources */,
			);
			runOnlyForDeploymentPostprocessing = 0;
		};
		2A5336471ADEF44A00187084 /* Sources */ = {
			isa = PBXSourcesBuildPhase;
			buildActionMask = 2147483647;
			files = (
				2A5336521ADEF44A00187084 /* BMDay8UINavigationAssignmentTests.m in Sources */,
			);
			runOnlyForDeploymentPostprocessing = 0;
		};
/* End PBXSourcesBuildPhase section */

/* Begin PBXTargetDependency section */
		2A53364D1ADEF44A00187084 /* PBXTargetDependency */ = {
			isa = PBXTargetDependency;
			target = 2A5336311ADEF44A00187084 /* BMDay8UINavigationAssignment */;
			targetProxy = 2A53364C1ADEF44A00187084 /* PBXContainerItemProxy */;
		};
/* End PBXTargetDependency section */

/* Begin PBXVariantGroup section */
		2A53363F1ADEF44A00187084 /* Main.storyboard */ = {
			isa = PBXVariantGroup;
			children = (
				2A5336401ADEF44A00187084 /* Base */,
			);
			name = Main.storyboard;
			sourceTree = "<group>";
		};
		2A5336441ADEF44A00187084 /* LaunchScreen.xib */ = {
			isa = PBXVariantGroup;
			children = (
				2A5336451ADEF44A00187084 /* Base */,
			);
			name = LaunchScreen.xib;
			sourceTree = "<group>";
		};
/* End PBXVariantGroup section */

/* Begin XCBuildConfiguration section */
		2A5336531ADEF44A00187084 /* Debug */ = {
			isa = XCBuildConfiguration;
			buildSettings = {
				ALWAYS_SEARCH_USER_PATHS = NO;
				CLANG_CXX_LANGUAGE_STANDARD = "gnu++0x";
				CLANG_CXX_LIBRARY = "libc++";
				CLANG_ENABLE_MODULES = YES;
				CLANG_ENABLE_OBJC_ARC = YES;
				CLANG_WARN_BOOL_CONVERSION = YES;
				CLANG_WARN_CONSTANT_CONVERSION = YES;
				CLANG_WARN_DIRECT_OBJC_ISA_USAGE = YES_ERROR;
				CLANG_WARN_EMPTY_BODY = YES;
				CLANG_WARN_ENUM_CONVERSION = YES;
				CLANG_WARN_INT_CONVERSION = YES;
				CLANG_WARN_OBJC_ROOT_CLASS = YES_ERROR;
				CLANG_WARN_UNREACHABLE_CODE = YES;
				CLANG_WARN__DUPLICATE_METHOD_MATCH = YES;
				"CODE_SIGN_IDENTITY[sdk=iphoneos*]" = "iPhone Developer";
				COPY_PHASE_STRIP = NO;
				DEBUG_INFORMATION_FORMAT = "dwarf-with-dsym";
				ENABLE_STRICT_OBJC_MSGSEND = YES;
				GCC_C_LANGUAGE_STANDARD = gnu99;
				GCC_DYNAMIC_NO_PIC = NO;
				GCC_NO_COMMON_BLOCKS = YES;
				GCC_OPTIMIZATION_LEVEL = 0;
				GCC_PREPROCESSOR_DEFINITIONS = (
					"DEBUG=1",
					"$(inherited)",
				);
				GCC_SYMBOLS_PRIVATE_EXTERN = NO;
				GCC_WARN_64_TO_32_BIT_CONVERSION = YES;
				GCC_WARN_ABOUT_RETURN_TYPE = YES_ERROR;
				GCC_WARN_UNDECLARED_SELECTOR = YES;
				GCC_WARN_UNINITIALIZED_AUTOS = YES_AGGRESSIVE;
				GCC_WARN_UNUSED_FUNCTION = YES;
				GCC_WARN_UNUSED_VARIABLE = YES;
				IPHONEOS_DEPLOYMENT_TARGET = 8.3;
				MTL_ENABLE_DEBUG_INFO = YES;
				ONLY_ACTIVE_ARCH = YES;
				SDKROOT = iphoneos;
			};
			name = Debug;
		};
		2A5336541ADEF44A00187084 /* Release */ = {
			isa = XCBuildConfiguration;
			buildSettings = {
				ALWAYS_SEARCH_USER_PATHS = NO;
				CLANG_CXX_LANGUAGE_STANDARD = "gnu++0x";
				CLANG_CXX_LIBRARY = "libc++";
				CLANG_ENABLE_MODULES = YES;
				CLANG_ENABLE_OBJC_ARC = YES;
				CLANG_WARN_BOOL_CONVERSION = YES;
				CLANG_WARN_CONSTANT_CONVERSION = YES;
				CLANG_WARN_DIRECT_OBJC_ISA_USAGE = YES_ERROR;
				CLANG_WARN_EMPTY_BODY = YES;
				CLANG_WARN_ENUM_CONVERSION = YES;
				CLANG_WARN_INT_CONVERSION = YES;
				CLANG_WARN_OBJC_ROOT_CLASS = YES_ERROR;
				CLANG_WARN_UNREACHABLE_CODE = YES;
				CLANG_WARN__DUPLICATE_METHOD_MATCH = YES;
				"CODE_SIGN_IDENTITY[sdk=iphoneos*]" = "iPhone Developer";
				COPY_PHASE_STRIP = NO;
				DEBUG_INFORMATION_FORMAT = "dwarf-with-dsym";
				ENABLE_NS_ASSERTIONS = NO;
				ENABLE_STRICT_OBJC_MSGSEND = YES;
				GCC_C_LANGUAGE_STANDARD = gnu99;
				GCC_NO_COMMON_BLOCKS = YES;
				GCC_WARN_64_TO_32_BIT_CONVERSION = YES;
				GCC_WARN_ABOUT_RETURN_TYPE = YES_ERROR;
				GCC_WARN_UNDECLARED_SELECTOR = YES;
				GCC_WARN_UNINITIALIZED_AUTOS = YES_AGGRESSIVE;
				GCC_WARN_UNUSED_FUNCTION = YES;
				GCC_WARN_UNUSED_VARIABLE = YES;
				IPHONEOS_DEPLOYMENT_TARGET = 8.3;
				MTL_ENABLE_DEBUG_INFO = NO;
				SDKROOT = iphoneos;
				VALIDATE_PRODUCT = YES;
			};
			name = Release;
		};
		2A5336561ADEF44A00187084 /* Debug */ = {
			isa = XCBuildConfiguration;
			buildSettings = {
				ASSETCATALOG_COMPILER_APPICON_NAME = AppIcon;
				INFOPLIST_FILE = BMDay8UINavigationAssignment/Info.plist;
				LD_RUNPATH_SEARCH_PATHS = "$(inherited) @executable_path/Frameworks";
				PRODUCT_NAME = "$(TARGET_NAME)";
			};
			name = Debug;
		};
		2A5336571ADEF44A00187084 /* Release */ = {
			isa = XCBuildConfiguration;
			buildSettings = {
				ASSETCATALOG_COMPILER_APPICON_NAME = AppIcon;
				INFOPLIST_FILE = BMDay8UINavigationAssignment/Info.plist;
				LD_RUNPATH_SEARCH_PATHS = "$(inherited) @executable_path/Frameworks";
				PRODUCT_NAME = "$(TARGET_NAME)";
			};
			name = Release;
		};
		2A5336591ADEF44A00187084 /* Debug */ = {
			isa = XCBuildConfiguration;
			buildSettings = {
				BUNDLE_LOADER = "$(TEST_HOST)";
				FRAMEWORK_SEARCH_PATHS = (
					"$(SDKROOT)/Developer/Library/Frameworks",
					"$(inherited)",
				);
				GCC_PREPROCESSOR_DEFINITIONS = (
					"DEBUG=1",
					"$(inherited)",
				);
				INFOPLIST_FILE = BMDay8UINavigationAssignmentTests/Info.plist;
				LD_RUNPATH_SEARCH_PATHS = "$(inherited) @executable_path/Frameworks @loader_path/Frameworks";
				PRODUCT_NAME = "$(TARGET_NAME)";
				TEST_HOST = "$(BUILT_PRODUCTS_DIR)/BMDay8UINavigationAssignment.app/BMDay8UINavigationAssignment";
			};
			name = Debug;
		};
		2A53365A1ADEF44A00187084 /* Release */ = {
			isa = XCBuildConfiguration;
			buildSettings = {
				BUNDLE_LOADER = "$(TEST_HOST)";
				FRAMEWORK_SEARCH_PATHS = (
					"$(SDKROOT)/Developer/Library/Frameworks",
					"$(inherited)",
				);
				INFOPLIST_FILE = BMDay8UINavigationAssignmentTests/Info.plist;
				LD_RUNPATH_SEARCH_PATHS = "$(inherited) @executable_path/Frameworks @loader_path/Frameworks";
				PRODUCT_NAME = "$(TARGET_NAME)";
				TEST_HOST = "$(BUILT_PRODUCTS_DIR)/BMDay8UINavigationAssignment.app/BMDay8UINavigationAssignment";
			};
			name = Release;
		};
/* End XCBuildConfiguration section */

/* Begin XCConfigurationList section */
		2A53362D1ADEF44A00187084 /* Build configuration list for PBXProject "BMDay8UINavigationAssignment" */ = {
			isa = XCConfigurationList;
			buildConfigurations = (
				2A5336531ADEF44A00187084 /* Debug */,
				2A5336541ADEF44A00187084 /* Release */,
			);
			defaultConfigurationIsVisible = 0;
			defaultConfigurationName = Release;
		};
		2A5336551ADEF44A00187084 /* Build configuration list for PBXNativeTarget "BMDay8UINavigationAssignment" */ = {
			isa = XCConfigurationList;
			buildConfigurations = (
				2A5336561ADEF44A00187084 /* Debug */,
				2A5336571ADEF44A00187084 /* Release */,
			);
			defaultConfigurationIsVisible = 0;
		};
		2A5336581ADEF44A00187084 /* Build configuration list for PBXNativeTarget "BMDay8UINavigationAssignmentTests" */ = {
			isa = XCConfigurationList;
			buildConfigurations = (
				2A5336591ADEF44A00187084 /* Debug */,
				2A53365A1ADEF44A00187084 /* Release */,
			);
			defaultConfigurationIsVisible = 0;
		};
/* End XCConfigurationList section */
	};
	rootObject = 2A53362A1ADEF44A00187084 /* Project object */;
}
